{
  "version": 4,
  "terraform_version": "1.5.7",
  "serial": 4,
  "lineage": "6c9aedab-c81b-351d-98d9-314184645180",
  "outputs": {},
  "resources": [
    {
      "mode": "managed",
      "type": "vercel_project",
      "name": "mc-configurable-product",
      "provider": "provider[\"registry.terraform.io/vercel/vercel\"]",
      "instances": [
        {
          "schema_version": 0,
          "attributes": {
            "build_command": "yarn build",
            "dev_command": null,
            "environment": [
              {
                "git_branch": null,
                "id": "Fnth1wWevtTKrgEl",
                "key": "CUSTOM_VIEW_ID",
                "target": [
                  "development",
                  "preview",
                  "production"
                ],
                "value": "clqqcy6sm001btuumzmz0npey"
              },
              {
                "git_branch": null,
                "id": "jz1cUTRBNODYcw2E",
                "key": "CUSTOM_VIEW_URL",
                "target": [
                  "development",
                  "preview",
                  "production"
                ],
                "value": "https://mc-configurable-product.vercel.app/"
              }
            ],
            "framework": "create-react-app",
            "git_repository": {
              "production_branch": "main",
              "repo": "phofmann/mc-configurable-product",
              "type": "github"
            },
            "id": "prj_0WpNnYOzv0NHyrHanMPm5arECyoS",
            "ignore_command": null,
            "install_command": null,
            "name": "mc-configurable-product",
            "output_directory": "public",
            "password_protection": null,
            "protection_bypass_for_automation": null,
            "protection_bypass_for_automation_secret": null,
            "public_source": null,
            "root_directory": null,
            "serverless_function_region": null,
            "team_id": null,
            "trusted_ips": null,
            "vercel_authentication": {
              "deployment_type": "standard_protection"
            }
          },
          "sensitive_attributes": [
            [
              {
                "type": "get_attr",
                "value": "environment"
              }
            ]
          ]
        }
      ]
    }
  ],
  "check_results": null
}
